
Microsoft Visual Studio Solution File, Format Version 12.00
# Visual Studio Version 17
VisualStudioVersion = 17.14.36212.18 d17.14
MinimumVisualStudioVersion = 10.0.40219.1
Project("{FAE04EC0-301F-11D3-BF4B-00C04F79EFBC}") = "MediTechHospital", "MediTechHospital\MediTechHospital.csproj", "{6F8ABC0E-3955-483E-B09B-DE1408291B42}"
EndProject
Global
	GlobalSection(SolutionConfigurationPlatforms) = preSolution
		Debug|Any CPU = Debug|Any CPU
		Release|Any CPU = Release|Any CPU
	EndGlobalSection
	GlobalSection(ProjectConfigurationPlatforms) = postSolution
		{6F8ABC0E-3955-483E-B09B-DE1408291B42}.Debug|Any CPU.ActiveCfg = Debug|Any CPU
		{6F8ABC0E-3955-483E-B09B-DE1408291B42}.Debug|Any CPU.Build.0 = Debug|Any CPU
		{6F8ABC0E-3955-483E-B09B-DE1408291B42}.Release|Any CPU.ActiveCfg = Release|Any CPU
		{6F8ABC0E-3955-483E-B09B-DE1408291B42}.Release|Any CPU.Build.0 = Release|Any CPU
	EndGlobalSection
	GlobalSection(SolutionProperties) = preSolution
		HideSolutionNode = FALSE
	EndGlobalSection
	GlobalSection(ExtensibilityGlobals) = postSolution
		SolutionGuid = {18267874-E0C2-43B8-8B46-7021987C7DDF}
	EndGlobalSection
EndGlobal
